// !$*UTF8*$!
{
	archiveVersion = 1;
	classes = {
	};
	objectVersion = 56;
	objects = {

/* Begin PBXBuildFile section */
		A62AB6B529ED9030000ABF31 /* DNAbuilder.swift in Sources */ = {isa = PBXBuildFile; fileRef = A62AB6B429ED9030000ABF31 /* DNAbuilder.swift */; };
		A62AB6B829ED9D70000ABF31 /* DNAview53.swift in Sources */ = {isa = PBXBuildFile; fileRef = A62AB6B729ED9D70000ABF31 /* DNAview53.swift */; };
		A63F2E2929BB7E7B0075DC84 /* NextGeneration.swift in Sources */ = {isa = PBXBuildFile; fileRef = A63F2E2829BB7E7B0075DC84 /* NextGeneration.swift */; };
		A63F2E4129BB86B90075DC84 /* RandomPopCreator.swift in Sources */ = {isa = PBXBuildFile; fileRef = A63F2E4029BB86B90075DC84 /* RandomPopCreator.swift */; };
		A63F2E4529BB9E5E0075DC84 /* GeneImageSelect.swift in Sources */ = {isa = PBXBuildFile; fileRef = A63F2E4429BB9E5E0075DC84 /* GeneImageSelect.swift */; };
		A63F2E4829BBA0DC0075DC84 /* GenenomeView.swift in Sources */ = {isa = PBXBuildFile; fileRef = A63F2E4729BBA0DC0075DC84 /* GenenomeView.swift */; };
		A63F2E4C29BBB5980075DC84 /* SingleTraitSimulation.swift in Sources */ = {isa = PBXBuildFile; fileRef = A63F2E4B29BBB5980075DC84 /* SingleTraitSimulation.swift */; };
		A63F2E5029BBBB1C0075DC84 /* Suffix.swift in Sources */ = {isa = PBXBuildFile; fileRef = A63F2E4F29BBBB1C0075DC84 /* Suffix.swift */; };
		A63F2E5829BED85E0075DC84 /* Selective_Pressure.swift in Sources */ = {isa = PBXBuildFile; fileRef = A63F2E5729BED85E0075DC84 /* Selective_Pressure.swift */; };
		A67DA7B029F6C89D0070C004 /* boxColorLog.swift in Sources */ = {isa = PBXBuildFile; fileRef = A67DA7AF29F6C89D0070C004 /* boxColorLog.swift */; };
		FB2BD84229BBB25F0094A460 /* ButtonComponent .swift in Sources */ = {isa = PBXBuildFile; fileRef = FB2BD84129BBB25F0094A460 /* ButtonComponent .swift */; };
		FB2BD84B29BF5FA00094A460 /* DecisionBox.swift in Sources */ = {isa = PBXBuildFile; fileRef = FB2BD84A29BF5FA00094A460 /* DecisionBox.swift */; };
		FB2BD84D29C003870094A460 /* AnimalChoice.swift in Sources */ = {isa = PBXBuildFile; fileRef = FB2BD84C29C003870094A460 /* AnimalChoice.swift */; };
		FB7536DF29DA3CDE0012E5C6 /* AnimalConditional.swift in Sources */ = {isa = PBXBuildFile; fileRef = FB7536DE29DA3CDE0012E5C6 /* AnimalConditional.swift */; };
		FB7536E129DA3E2F0012E5C6 /* Probability Struct.swift in Sources */ = {isa = PBXBuildFile; fileRef = FB7536E029DA3E2F0012E5C6 /* Probability Struct.swift */; };
		FB7536E729DCC9050012E5C6 /* AnimalProbView.swift in Sources */ = {isa = PBXBuildFile; fileRef = FB7536E629DCC9050012E5C6 /* AnimalProbView.swift */; };
		FB7536F829ECBB070012E5C6 /* DecisionBoxTwo.swift in Sources */ = {isa = PBXBuildFile; fileRef = FB7536F729ECBB070012E5C6 /* DecisionBoxTwo.swift */; };
		FB78F42829BB7C05009D049B /* FinalProjectApp.swift in Sources */ = {isa = PBXBuildFile; fileRef = FB78F42729BB7C05009D049B /* FinalProjectApp.swift */; };
		FB78F42A29BB7C05009D049B /* ContentView.swift in Sources */ = {isa = PBXBuildFile; fileRef = FB78F42929BB7C05009D049B /* ContentView.swift */; };
		FB78F42C29BB7C07009D049B /* Assets.xcassets in Resources */ = {isa = PBXBuildFile; fileRef = FB78F42B29BB7C07009D049B /* Assets.xcassets */; };
		FB78F42F29BB7C07009D049B /* Preview Assets.xcassets in Resources */ = {isa = PBXBuildFile; fileRef = FB78F42E29BB7C07009D049B /* Preview Assets.xcassets */; };
		FBDB32A329F4B787002787A5 /* AnimalProbViewTwo.swift in Sources */ = {isa = PBXBuildFile; fileRef = FBDB32A229F4B787002787A5 /* AnimalProbViewTwo.swift */; };
/* End PBXBuildFile section */

/* Begin PBXFileReference section */
		A62AB6B429ED9030000ABF31 /* DNAbuilder.swift */ = {isa = PBXFileReference; lastKnownFileType = sourcecode.swift; path = DNAbuilder.swift; sourceTree = "<group>"; };
		A62AB6B729ED9D70000ABF31 /* DNAview53.swift */ = {isa = PBXFileReference; lastKnownFileType = sourcecode.swift; path = DNAview53.swift; sourceTree = "<group>"; };
		A63F2E2829BB7E7B0075DC84 /* NextGeneration.swift */ = {isa = PBXFileReference; lastKnownFileType = sourcecode.swift; path = NextGeneration.swift; sourceTree = "<group>"; };
		A63F2E4029BB86B90075DC84 /* RandomPopCreator.swift */ = {isa = PBXFileReference; lastKnownFileType = sourcecode.swift; path = RandomPopCreator.swift; sourceTree = "<group>"; };
		A63F2E4429BB9E5E0075DC84 /* GeneImageSelect.swift */ = {isa = PBXFileReference; lastKnownFileType = sourcecode.swift; path = GeneImageSelect.swift; sourceTree = "<group>"; };
		A63F2E4729BBA0DC0075DC84 /* GenenomeView.swift */ = {isa = PBXFileReference; lastKnownFileType = sourcecode.swift; path = GenenomeView.swift; sourceTree = "<group>"; };
		A63F2E4B29BBB5980075DC84 /* SingleTraitSimulation.swift */ = {isa = PBXFileReference; lastKnownFileType = sourcecode.swift; path = SingleTraitSimulation.swift; sourceTree = "<group>"; };
		A63F2E4F29BBBB1C0075DC84 /* Suffix.swift */ = {isa = PBXFileReference; lastKnownFileType = sourcecode.swift; path = Suffix.swift; sourceTree = "<group>"; };
		A63F2E5729BED85E0075DC84 /* Selective_Pressure.swift */ = {isa = PBXFileReference; lastKnownFileType = sourcecode.swift; path = Selective_Pressure.swift; sourceTree = "<group>"; };
		A67DA7AF29F6C89D0070C004 /* boxColorLog.swift */ = {isa = PBXFileReference; lastKnownFileType = sourcecode.swift; path = boxColorLog.swift; sourceTree = "<group>"; };
		FB2BD84129BBB25F0094A460 /* ButtonComponent .swift */ = {isa = PBXFileReference; lastKnownFileType = sourcecode.swift; path = "ButtonComponent .swift"; sourceTree = "<group>"; };
		FB2BD84A29BF5FA00094A460 /* DecisionBox.swift */ = {isa = PBXFileReference; lastKnownFileType = sourcecode.swift; path = DecisionBox.swift; sourceTree = "<group>"; };
		FB2BD84C29C003870094A460 /* AnimalChoice.swift */ = {isa = PBXFileReference; lastKnownFileType = sourcecode.swift; path = AnimalChoice.swift; sourceTree = "<group>"; };
		FB7536DE29DA3CDE0012E5C6 /* AnimalConditional.swift */ = {isa = PBXFileReference; lastKnownFileType = sourcecode.swift; path = AnimalConditional.swift; sourceTree = "<group>"; };
		FB7536E029DA3E2F0012E5C6 /* Probability Struct.swift */ = {isa = PBXFileReference; lastKnownFileType = sourcecode.swift; path = "Probability Struct.swift"; sourceTree = "<group>"; };
		FB7536E629DCC9050012E5C6 /* AnimalProbView.swift */ = {isa = PBXFileReference; lastKnownFileType = sourcecode.swift; path = AnimalProbView.swift; sourceTree = "<group>"; };
		FB7536F729ECBB070012E5C6 /* DecisionBoxTwo.swift */ = {isa = PBXFileReference; lastKnownFileType = sourcecode.swift; path = DecisionBoxTwo.swift; sourceTree = "<group>"; };
		FB78F42429BB7C05009D049B /* FinalProject.app */ = {isa = PBXFileReference; explicitFileType = wrapper.application; includeInIndex = 0; path = FinalProject.app; sourceTree = BUILT_PRODUCTS_DIR; };
		FB78F42729BB7C05009D049B /* FinalProjectApp.swift */ = {isa = PBXFileReference; lastKnownFileType = sourcecode.swift; path = FinalProjectApp.swift; sourceTree = "<group>"; };
		FB78F42929BB7C05009D049B /* ContentView.swift */ = {isa = PBXFileReference; lastKnownFileType = sourcecode.swift; path = ContentView.swift; sourceTree = "<group>"; };
		FB78F42B29BB7C07009D049B /* Assets.xcassets */ = {isa = PBXFileReference; lastKnownFileType = folder.assetcatalog; path = Assets.xcassets; sourceTree = "<group>"; };
		FB78F42E29BB7C07009D049B /* Preview Assets.xcassets */ = {isa = PBXFileReference; lastKnownFileType = folder.assetcatalog; path = "Preview Assets.xcassets"; sourceTree = "<group>"; };
		FBDB32A229F4B787002787A5 /* AnimalProbViewTwo.swift */ = {isa = PBXFileReference; lastKnownFileType = sourcecode.swift; path = AnimalProbViewTwo.swift; sourceTree = "<group>"; };
/* End PBXFileReference section */

/* Begin PBXFrameworksBuildPhase section */
		FB78F42129BB7C05009D049B /* Frameworks */ = {
			isa = PBXFrameworksBuildPhase;
			buildActionMask = 2147483647;
			files = (
			);
			runOnlyForDeploymentPostprocessing = 0;
		};
/* End PBXFrameworksBuildPhase section */

/* Begin PBXGroup section */
		A63F2E2529BB7DCA0075DC84 /* Logic */ = {
			isa = PBXGroup;
			children = (
				A63F2E4F29BBBB1C0075DC84 /* Suffix.swift */,
				FB2BD84729BF5F320094A460 /* Animal's Dilemma */,
				A63F2E5929BED8BC0075DC84 /* SIngleTraitSimulationLogic */,
			);
			path = Logic;
			sourceTree = "<group>";
		};
		A63F2E2629BB7DD90075DC84 /* View */ = {
			isa = PBXGroup;
			children = (
				FB78F42929BB7C05009D049B /* ContentView.swift */,
				A63F2E4B29BBB5980075DC84 /* SingleTraitSimulation.swift */,
				FB2BD84C29C003870094A460 /* AnimalChoice.swift */,
				FB7536E629DCC9050012E5C6 /* AnimalProbView.swift */,
				FBDB32A229F4B787002787A5 /* AnimalProbViewTwo.swift */,
				A62AB6B429ED9030000ABF31 /* DNAbuilder.swift */,
			);
			path = View;
			sourceTree = "<group>";
		};
		A63F2E5929BED8BC0075DC84 /* SIngleTraitSimulationLogic */ = {
			isa = PBXGroup;
			children = (
				A63F2E4029BB86B90075DC84 /* RandomPopCreator.swift */,
				A63F2E2829BB7E7B0075DC84 /* NextGeneration.swift */,
				A63F2E5729BED85E0075DC84 /* Selective_Pressure.swift */,
			);
			path = SIngleTraitSimulationLogic;
			sourceTree = "<group>";
		};
		FB2BD84029BBB24A0094A460 /* Component */ = {
			isa = PBXGroup;
			children = (
				A63F2E4429BB9E5E0075DC84 /* GeneImageSelect.swift */,
				FB2BD84129BBB25F0094A460 /* ButtonComponent .swift */,
				A63F2E4729BBA0DC0075DC84 /* GenenomeView.swift */,
				FB2BD84A29BF5FA00094A460 /* DecisionBox.swift */,
				FB7536F729ECBB070012E5C6 /* DecisionBoxTwo.swift */,
				A62AB6B729ED9D70000ABF31 /* DNAview53.swift */,
			);
			path = Component;
			sourceTree = "<group>";
		};
		FB2BD84729BF5F320094A460 /* Animal's Dilemma */ = {
			isa = PBXGroup;
			children = (
				FB7536DE29DA3CDE0012E5C6 /* AnimalConditional.swift */,
				FB7536E029DA3E2F0012E5C6 /* Probability Struct.swift */,
				A67DA7AF29F6C89D0070C004 /* boxColorLog.swift */,
			);
			path = "Animal's Dilemma";
			sourceTree = "<group>";
		};
		FB78F41B29BB7C05009D049B = {
			isa = PBXGroup;
			children = (
				FB78F42629BB7C05009D049B /* FinalProject */,
				FB78F42529BB7C05009D049B /* Products */,
			);
			sourceTree = "<group>";
		};
		FB78F42529BB7C05009D049B /* Products */ = {
			isa = PBXGroup;
			children = (
				FB78F42429BB7C05009D049B /* FinalProject.app */,
			);
			name = Products;
			sourceTree = "<group>";
		};
		FB78F42629BB7C05009D049B /* FinalProject */ = {
			isa = PBXGroup;
			children = (
				FB78F42729BB7C05009D049B /* FinalProjectApp.swift */,
				FB2BD84029BBB24A0094A460 /* Component */,
				A63F2E2629BB7DD90075DC84 /* View */,
				A63F2E2529BB7DCA0075DC84 /* Logic */,
				FB78F42B29BB7C07009D049B /* Assets.xcassets */,
				FB78F42D29BB7C07009D049B /* Preview Content */,
			);
			path = FinalProject;
			sourceTree = "<group>";
		};
		FB78F42D29BB7C07009D049B /* Preview Content */ = {
			isa = PBXGroup;
			children = (
				FB78F42E29BB7C07009D049B /* Preview Assets.xcassets */,
			);
			path = "Preview Content";
			sourceTree = "<group>";
		};
/* End PBXGroup section */

/* Begin PBXNativeTarget section */
		FB78F42329BB7C05009D049B /* FinalProject */ = {
			isa = PBXNativeTarget;
			buildConfigurationList = FB78F43229BB7C07009D049B /* Build configuration list for PBXNativeTarget "FinalProject" */;
			buildPhases = (
				FB78F42029BB7C05009D049B /* Sources */,
				FB78F42129BB7C05009D049B /* Frameworks */,
				FB78F42229BB7C05009D049B /* Resources */,
			);
			buildRules = (
			);
			dependencies = (
			);
			name = FinalProject;
			productName = FinalProject;
			productReference = FB78F42429BB7C05009D049B /* FinalProject.app */;
			productType = "com.apple.product-type.application";
		};
/* End PBXNativeTarget section */

/* Begin PBXProject section */
		FB78F41C29BB7C05009D049B /* Project object */ = {
			isa = PBXProject;
			attributes = {
				BuildIndependentTargetsInParallel = 1;
				LastSwiftUpdateCheck = 1410;
				LastUpgradeCheck = 1410;
				TargetAttributes = {
					FB78F42329BB7C05009D049B = {
						CreatedOnToolsVersion = 14.1;
					};
				};
			};
			buildConfigurationList = FB78F41F29BB7C05009D049B /* Build configuration list for PBXProject "FinalProject" */;
			compatibilityVersion = "Xcode 14.0";
			developmentRegion = en;
			hasScannedForEncodings = 0;
			knownRegions = (
				en,
				Base,
			);
			mainGroup = FB78F41B29BB7C05009D049B;
			productRefGroup = FB78F42529BB7C05009D049B /* Products */;
			projectDirPath = "";
			projectRoot = "";
			targets = (
				FB78F42329BB7C05009D049B /* FinalProject */,
			);
		};
/* End PBXProject section */

/* Begin PBXResourcesBuildPhase section */
		FB78F42229BB7C05009D049B /* Resources */ = {
			isa = PBXResourcesBuildPhase;
			buildActionMask = 2147483647;
			files = (
				FB78F42F29BB7C07009D049B /* Preview Assets.xcassets in Resources */,
				FB78F42C29BB7C07009D049B /* Assets.xcassets in Resources */,
			);
			runOnlyForDeploymentPostprocessing = 0;
		};
/* End PBXResourcesBuildPhase section */

/* Begin PBXSourcesBuildPhase section */
		FB78F42029BB7C05009D049B /* Sources */ = {
			isa = PBXSourcesBuildPhase;
			buildActionMask = 2147483647;
			files = (
				A63F2E4529BB9E5E0075DC84 /* GeneImageSelect.swift in Sources */,
				A63F2E4C29BBB5980075DC84 /* SingleTraitSimulation.swift in Sources */,
				A67DA7B029F6C89D0070C004 /* boxColorLog.swift in Sources */,
				FB7536E129DA3E2F0012E5C6 /* Probability Struct.swift in Sources */,
				FB78F42A29BB7C05009D049B /* ContentView.swift in Sources */,
				A62AB6B829ED9D70000ABF31 /* DNAview53.swift in Sources */,
				FB2BD84B29BF5FA00094A460 /* DecisionBox.swift in Sources */,
				FB7536F829ECBB070012E5C6 /* DecisionBoxTwo.swift in Sources */,
				A63F2E4829BBA0DC0075DC84 /* GenenomeView.swift in Sources */,
				A63F2E4129BB86B90075DC84 /* RandomPopCreator.swift in Sources */,
				A63F2E5829BED85E0075DC84 /* Selective_Pressure.swift in Sources */,
				FB7536DF29DA3CDE0012E5C6 /* AnimalConditional.swift in Sources */,
				FB78F42829BB7C05009D049B /* FinalProjectApp.swift in Sources */,
				A62AB6B529ED9030000ABF31 /* DNAbuilder.swift in Sources */,
				A63F2E2929BB7E7B0075DC84 /* NextGeneration.swift in Sources */,
				FB2BD84229BBB25F0094A460 /* ButtonComponent .swift in Sources */,
				FB2BD84D29C003870094A460 /* AnimalChoice.swift in Sources */,
				A63F2E5029BBBB1C0075DC84 /* Suffix.swift in Sources */,
				FBDB32A329F4B787002787A5 /* AnimalProbViewTwo.swift in Sources */,
				FB7536E729DCC9050012E5C6 /* AnimalProbView.swift in Sources */,
			);
			runOnlyForDeploymentPostprocessing = 0;
		};
/* End PBXSourcesBuildPhase section */

/* Begin XCBuildConfiguration section */
		FB78F43029BB7C07009D049B /* Debug */ = {
			isa = XCBuildConfiguration;
			buildSettings = {
				ALWAYS_SEARCH_USER_PATHS = NO;
				CLANG_ANALYZER_NONNULL = YES;
				CLANG_ANALYZER_NUMBER_OBJECT_CONVERSION = YES_AGGRESSIVE;
				CLANG_CXX_LANGUAGE_STANDARD = "gnu++20";
				CLANG_ENABLE_MODULES = YES;
				CLANG_ENABLE_OBJC_ARC = YES;
				CLANG_ENABLE_OBJC_WEAK = YES;
				CLANG_WARN_BLOCK_CAPTURE_AUTORELEASING = YES;
				CLANG_WARN_BOOL_CONVERSION = YES;
				CLANG_WARN_COMMA = YES;
				CLANG_WARN_CONSTANT_CONVERSION = YES;
				CLANG_WARN_DEPRECATED_OBJC_IMPLEMENTATIONS = YES;
				CLANG_WARN_DIRECT_OBJC_ISA_USAGE = YES_ERROR;
				CLANG_WARN_DOCUMENTATION_COMMENTS = YES;
				CLANG_WARN_EMPTY_BODY = YES;
				CLANG_WARN_ENUM_CONVERSION = YES;
				CLANG_WARN_INFINITE_RECURSION = YES;
				CLANG_WARN_INT_CONVERSION = YES;
				CLANG_WARN_NON_LITERAL_NULL_CONVERSION = YES;
				CLANG_WARN_OBJC_IMPLICIT_RETAIN_SELF = YES;
				CLANG_WARN_OBJC_LITERAL_CONVERSION = YES;
				CLANG_WARN_OBJC_ROOT_CLASS = YES_ERROR;
				CLANG_WARN_QUOTED_INCLUDE_IN_FRAMEWORK_HEADER = YES;
				CLANG_WARN_RANGE_LOOP_ANALYSIS = YES;
				CLANG_WARN_STRICT_PROTOTYPES = YES;
				CLANG_WARN_SUSPICIOUS_MOVE = YES;
				CLANG_WARN_UNGUARDED_AVAILABILITY = YES_AGGRESSIVE;
				CLANG_WARN_UNREACHABLE_CODE = YES;
				CLANG_WARN__DUPLICATE_METHOD_MATCH = YES;
				COPY_PHASE_STRIP = NO;
				DEBUG_INFORMATION_FORMAT = dwarf;
				ENABLE_STRICT_OBJC_MSGSEND = YES;
				ENABLE_TESTABILITY = YES;
				GCC_C_LANGUAGE_STANDARD = gnu11;
				GCC_DYNAMIC_NO_PIC = NO;
				GCC_NO_COMMON_BLOCKS = YES;
				GCC_OPTIMIZATION_LEVEL = 0;
				GCC_PREPROCESSOR_DEFINITIONS = (
					"DEBUG=1",
					"$(inherited)",
				);
				GCC_WARN_64_TO_32_BIT_CONVERSION = YES;
				GCC_WARN_ABOUT_RETURN_TYPE = YES_ERROR;
				GCC_WARN_UNDECLARED_SELECTOR = YES;
				GCC_WARN_UNINITIALIZED_AUTOS = YES_AGGRESSIVE;
				GCC_WARN_UNUSED_FUNCTION = YES;
				GCC_WARN_UNUSED_VARIABLE = YES;
				IPHONEOS_DEPLOYMENT_TARGET = 16.1;
				MTL_ENABLE_DEBUG_INFO = INCLUDE_SOURCE;
				MTL_FAST_MATH = YES;
				ONLY_ACTIVE_ARCH = YES;
				SDKROOT = iphoneos;
				SWIFT_ACTIVE_COMPILATION_CONDITIONS = DEBUG;
				SWIFT_OPTIMIZATION_LEVEL = "-Onone";
			};
			name = Debug;
		};
		FB78F43129BB7C07009D049B /* Release */ = {
			isa = XCBuildConfiguration;
			buildSettings = {
				ALWAYS_SEARCH_USER_PATHS = NO;
				CLANG_ANALYZER_NONNULL = YES;
				CLANG_ANALYZER_NUMBER_OBJECT_CONVERSION = YES_AGGRESSIVE;
				CLANG_CXX_LANGUAGE_STANDARD = "gnu++20";
				CLANG_ENABLE_MODULES = YES;
				CLANG_ENABLE_OBJC_ARC = YES;
				CLANG_ENABLE_OBJC_WEAK = YES;
				CLANG_WARN_BLOCK_CAPTURE_AUTORELEASING = YES;
				CLANG_WARN_BOOL_CONVERSION = YES;
				CLANG_WARN_COMMA = YES;
				CLANG_WARN_CONSTANT_CONVERSION = YES;
				CLANG_WARN_DEPRECATED_OBJC_IMPLEMENTATIONS = YES;
				CLANG_WARN_DIRECT_OBJC_ISA_USAGE = YES_ERROR;
				CLANG_WARN_DOCUMENTATION_COMMENTS = YES;
				CLANG_WARN_EMPTY_BODY = YES;
				CLANG_WARN_ENUM_CONVERSION = YES;
				CLANG_WARN_INFINITE_RECURSION = YES;
				CLANG_WARN_INT_CONVERSION = YES;
				CLANG_WARN_NON_LITERAL_NULL_CONVERSION = YES;
				CLANG_WARN_OBJC_IMPLICIT_RETAIN_SELF = YES;
				CLANG_WARN_OBJC_LITERAL_CONVERSION = YES;
				CLANG_WARN_OBJC_ROOT_CLASS = YES_ERROR;
				CLANG_WARN_QUOTED_INCLUDE_IN_FRAMEWORK_HEADER = YES;
				CLANG_WARN_RANGE_LOOP_ANALYSIS = YES;
				CLANG_WARN_STRICT_PROTOTYPES = YES;
				CLANG_WARN_SUSPICIOUS_MOVE = YES;
				CLANG_WARN_UNGUARDED_AVAILABILITY = YES_AGGRESSIVE;
				CLANG_WARN_UNREACHABLE_CODE = YES;
				CLANG_WARN__DUPLICATE_METHOD_MATCH = YES;
				COPY_PHASE_STRIP = NO;
				DEBUG_INFORMATION_FORMAT = "dwarf-with-dsym";
				ENABLE_NS_ASSERTIONS = NO;
				ENABLE_STRICT_OBJC_MSGSEND = YES;
				GCC_C_LANGUAGE_STANDARD = gnu11;
				GCC_NO_COMMON_BLOCKS = YES;
				GCC_WARN_64_TO_32_BIT_CONVERSION = YES;
				GCC_WARN_ABOUT_RETURN_TYPE = YES_ERROR;
				GCC_WARN_UNDECLARED_SELECTOR = YES;
				GCC_WARN_UNINITIALIZED_AUTOS = YES_AGGRESSIVE;
				GCC_WARN_UNUSED_FUNCTION = YES;
				GCC_WARN_UNUSED_VARIABLE = YES;
				IPHONEOS_DEPLOYMENT_TARGET = 16.1;
				MTL_ENABLE_DEBUG_INFO = NO;
				MTL_FAST_MATH = YES;
				SDKROOT = iphoneos;
				SWIFT_COMPILATION_MODE = wholemodule;
				SWIFT_OPTIMIZATION_LEVEL = "-O";
				VALIDATE_PRODUCT = YES;
			};
			name = Release;
		};
		FB78F43329BB7C07009D049B /* Debug */ = {
			isa = XCBuildConfiguration;
			buildSettings = {
				ASSETCATALOG_COMPILER_APPICON_NAME = AppIcon;
				ASSETCATALOG_COMPILER_GLOBAL_ACCENT_COLOR_NAME = AccentColor;
				CODE_SIGN_STYLE = Automatic;
				CURRENT_PROJECT_VERSION = 1;
				DEVELOPMENT_ASSET_PATHS = "\"FinalProject/Preview Content\"";
				DEVELOPMENT_TEAM = UC3HQZS93M;
				ENABLE_PREVIEWS = YES;
				GENERATE_INFOPLIST_FILE = YES;
				INFOPLIST_KEY_UIApplicationSceneManifest_Generation = YES;
				INFOPLIST_KEY_UIApplicationSupportsIndirectInputEvents = YES;
				INFOPLIST_KEY_UILaunchScreen_Generation = YES;
				INFOPLIST_KEY_UISupportedInterfaceOrientations_iPad = "UIInterfaceOrientationPortrait UIInterfaceOrientationPortraitUpsideDown UIInterfaceOrientationLandscapeLeft UIInterfaceOrientationLandscapeRight";
				INFOPLIST_KEY_UISupportedInterfaceOrientations_iPhone = "UIInterfaceOrientationPortrait UIInterfaceOrientationLandscapeLeft UIInterfaceOrientationLandscapeRight";
				LD_RUNPATH_SEARCH_PATHS = (
					"$(inherited)",
					"@executable_path/Frameworks",
				);
				MARKETING_VERSION = 1.0;
				PRODUCT_BUNDLE_IDENTIFIER = amali23gh.FinalProject;
				PRODUCT_NAME = "$(TARGET_NAME)";
				SWIFT_EMIT_LOC_STRINGS = YES;
				SWIFT_VERSION = 5.0;
				TARGETED_DEVICE_FAMILY = "1,2";
			};
			name = Debug;
		};
		FB78F43429BB7C07009D049B /* Release */ = {
			isa = XCBuildConfiguration;
			buildSettings = {
				ASSETCATALOG_COMPILER_APPICON_NAME = AppIcon;
				ASSETCATALOG_COMPILER_GLOBAL_ACCENT_COLOR_NAME = AccentColor;
				CODE_SIGN_STYLE = Automatic;
				CURRENT_PROJECT_VERSION = 1;
				DEVELOPMENT_ASSET_PATHS = "\"FinalProject/Preview Content\"";
				DEVELOPMENT_TEAM = UC3HQZS93M;
				ENABLE_PREVIEWS = YES;
				GENERATE_INFOPLIST_FILE = YES;
				INFOPLIST_KEY_UIApplicationSceneManifest_Generation = YES;
				INFOPLIST_KEY_UIApplicationSupportsIndirectInputEvents = YES;
				INFOPLIST_KEY_UILaunchScreen_Generation = YES;
				INFOPLIST_KEY_UISupportedInterfaceOrientations_iPad = "UIInterfaceOrientationPortrait UIInterfaceOrientationPortraitUpsideDown UIInterfaceOrientationLandscapeLeft UIInterfaceOrientationLandscapeRight";
				INFOPLIST_KEY_UISupportedInterfaceOrientations_iPhone = "UIInterfaceOrientationPortrait UIInterfaceOrientationLandscapeLeft UIInterfaceOrientationLandscapeRight";
				LD_RUNPATH_SEARCH_PATHS = (
					"$(inherited)",
					"@executable_path/Frameworks",
				);
				MARKETING_VERSION = 1.0;
				PRODUCT_BUNDLE_IDENTIFIER = amali23gh.FinalProject;
				PRODUCT_NAME = "$(TARGET_NAME)";
				SWIFT_EMIT_LOC_STRINGS = YES;
				SWIFT_VERSION = 5.0;
				TARGETED_DEVICE_FAMILY = "1,2";
			};
			name = Release;
		};
/* End XCBuildConfiguration section */

/* Begin XCConfigurationList section */
		FB78F41F29BB7C05009D049B /* Build configuration list for PBXProject "FinalProject" */ = {
			isa = XCConfigurationList;
			buildConfigurations = (
				FB78F43029BB7C07009D049B /* Debug */,
				FB78F43129BB7C07009D049B /* Release */,
			);
			defaultConfigurationIsVisible = 0;
			defaultConfigurationName = Release;
		};
		FB78F43229BB7C07009D049B /* Build configuration list for PBXNativeTarget "FinalProject" */ = {
			isa = XCConfigurationList;
			buildConfigurations = (
				FB78F43329BB7C07009D049B /* Debug */,
				FB78F43429BB7C07009D049B /* Release */,
			);
			defaultConfigurationIsVisible = 0;
			defaultConfigurationName = Release;
		};
/* End XCConfigurationList section */
	};
	rootObject = FB78F41C29BB7C05009D049B /* Project object */;
}
